
Microsoft Visual Studio Solution File, Format Version 12.00
# Visual Studio 14
VisualStudioVersion = 14.0.25420.1
MinimumVisualStudioVersion = 10.0.40219.1
Project("{FAE04EC0-301F-11D3-BF4B-00C04F79EFBC}") = "Db_Manager", "Db_Manager\Db_Manager.csproj", "{9D5F3B6B-3C5E-4F50-BAE4-EDC88D01DAFA}"
EndProject
Project("{FAE04EC0-301F-11D3-BF4B-00C04F79EFBC}") = "iTools", "Tools\iTools.csproj", "{B9F1603D-0271-4361-85B1-22EBFBD817DF}"
EndProject
Global
	GlobalSection(SolutionConfigurationPlatforms) = preSolution
		Debug|Any CPU = Debug|Any CPU
		Release|Any CPU = Release|Any CPU
	EndGlobalSection
	GlobalSection(ProjectConfigurationPlatforms) = postSolution
		{9D5F3B6B-3C5E-4F50-BAE4-EDC88D01DAFA}.Debug|Any CPU.ActiveCfg = Debug|Any CPU
		{9D5F3B6B-3C5E-4F50-BAE4-EDC88D01DAFA}.Debug|Any CPU.Build.0 = Debug|Any CPU
		{9D5F3B6B-3C5E-4F50-BAE4-EDC88D01DAFA}.Release|Any CPU.ActiveCfg = Release|Any CPU
		{9D5F3B6B-3C5E-4F50-BAE4-EDC88D01DAFA}.Release|Any CPU.Build.0 = Release|Any CPU
		{B9F1603D-0271-4361-85B1-22EBFBD817DF}.Debug|Any CPU.ActiveCfg = Debug|Any CPU
		{B9F1603D-0271-4361-85B1-22EBFBD817DF}.Debug|Any CPU.Build.0 = Debug|Any CPU
		{B9F1603D-0271-4361-85B1-22EBFBD817DF}.Release|Any CPU.ActiveCfg = Release|Any CPU
		{B9F1603D-0271-4361-85B1-22EBFBD817DF}.Release|Any CPU.Build.0 = Release|Any CPU
	EndGlobalSection
	GlobalSection(SolutionProperties) = preSolution
		HideSolutionNode = FALSE
	EndGlobalSection
EndGlobal
